// !$*UTF8*$!
{
	archiveVersion = 1;
	classes = {
	};
	objectVersion = 55;
	objects = {

/* Begin PBXBuildFile section */
		7557B06126AF8EBE00A418A9 /* SimpleWidgetSuggestionsApp.swift in Sources */ = {isa = PBXBuildFile; fileRef = 7557B06026AF8EBE00A418A9 /* SimpleWidgetSuggestionsApp.swift */; };
		7557B06326AF8EBE00A418A9 /* ContentView.swift in Sources */ = {isa = PBXBuildFile; fileRef = 7557B06226AF8EBE00A418A9 /* ContentView.swift */; };
		7557B06526AF8EBF00A418A9 /* Assets.xcassets in Resources */ = {isa = PBXBuildFile; fileRef = 7557B06426AF8EBF00A418A9 /* Assets.xcassets */; };
		7557B06826AF8EBF00A418A9 /* Preview Assets.xcassets in Resources */ = {isa = PBXBuildFile; fileRef = 7557B06726AF8EBF00A418A9 /* Preview Assets.xcassets */; };
		7557B07226AF8EBF00A418A9 /* SimpleWidgetSuggestionsTests.swift in Sources */ = {isa = PBXBuildFile; fileRef = 7557B07126AF8EBF00A418A9 /* SimpleWidgetSuggestionsTests.swift */; };
		7557B07C26AF8EBF00A418A9 /* SimpleWidgetSuggestionsUITests.swift in Sources */ = {isa = PBXBuildFile; fileRef = 7557B07B26AF8EBF00A418A9 /* SimpleWidgetSuggestionsUITests.swift */; };
/* End PBXBuildFile section */

/* Begin PBXContainerItemProxy section */
		7557B06E26AF8EBF00A418A9 /* PBXContainerItemProxy */ = {
			isa = PBXContainerItemProxy;
			containerPortal = 7557B05526AF8EBE00A418A9 /* Project object */;
			proxyType = 1;
			remoteGlobalIDString = 7557B05C26AF8EBE00A418A9;
			remoteInfo = SimpleWidgetSuggestions;
		};
		7557B07826AF8EBF00A418A9 /* PBXContainerItemProxy */ = {
			isa = PBXContainerItemProxy;
			containerPortal = 7557B05526AF8EBE00A418A9 /* Project object */;
			proxyType = 1;
			remoteGlobalIDString = 7557B05C26AF8EBE00A418A9;
			remoteInfo = SimpleWidgetSuggestions;
		};
/* End PBXContainerItemProxy section */

/* Begin PBXFileReference section */
		7557B05D26AF8EBE00A418A9 /* SimpleWidgetSuggestions.app */ = {isa = PBXFileReference; explicitFileType = wrapper.application; includeInIndex = 0; path = SimpleWidgetSuggestions.app; sourceTree = BUILT_PRODUCTS_DIR; };
		7557B06026AF8EBE00A418A9 /* SimpleWidgetSuggestionsApp.swift */ = {isa = PBXFileReference; lastKnownFileType = sourcecode.swift; path = SimpleWidgetSuggestionsApp.swift; sourceTree = "<group>"; };
		7557B06226AF8EBE00A418A9 /* ContentView.swift */ = {isa = PBXFileReference; lastKnownFileType = sourcecode.swift; path = ContentView.swift; sourceTree = "<group>"; };
		7557B06426AF8EBF00A418A9 /* Assets.xcassets */ = {isa = PBXFileReference; lastKnownFileType = folder.assetcatalog; path = Assets.xcassets; sourceTree = "<group>"; };
		7557B06726AF8EBF00A418A9 /* Preview Assets.xcassets */ = {isa = PBXFileReference; lastKnownFileType = folder.assetcatalog; path = "Preview Assets.xcassets"; sourceTree = "<group>"; };
		7557B06D26AF8EBF00A418A9 /* SimpleWidgetSuggestionsTests.xctest */ = {isa = PBXFileReference; explicitFileType = wrapper.cfbundle; includeInIndex = 0; path = SimpleWidgetSuggestionsTests.xctest; sourceTree = BUILT_PRODUCTS_DIR; };
		7557B07126AF8EBF00A418A9 /* SimpleWidgetSuggestionsTests.swift */ = {isa = PBXFileReference; lastKnownFileType = sourcecode.swift; path = SimpleWidgetSuggestionsTests.swift; sourceTree = "<group>"; };
		7557B07726AF8EBF00A418A9 /* SimpleWidgetSuggestionsUITests.xctest */ = {isa = PBXFileReference; explicitFileType = wrapper.cfbundle; includeInIndex = 0; path = SimpleWidgetSuggestionsUITests.xctest; sourceTree = BUILT_PRODUCTS_DIR; };
		7557B07B26AF8EBF00A418A9 /* SimpleWidgetSuggestionsUITests.swift */ = {isa = PBXFileReference; lastKnownFileType = sourcecode.swift; path = SimpleWidgetSuggestionsUITests.swift; sourceTree = "<group>"; };
/* End PBXFileReference section */

/* Begin PBXFrameworksBuildPhase section */
		7557B05A26AF8EBE00A418A9 /* Frameworks */ = {
			isa = PBXFrameworksBuildPhase;
			buildActionMask = 2147483647;
			files = (
			);
			runOnlyForDeploymentPostprocessing = 0;
		};
		7557B06A26AF8EBF00A418A9 /* Frameworks */ = {
			isa = PBXFrameworksBuildPhase;
			buildActionMask = 2147483647;
			files = (
			);
			runOnlyForDeploymentPostprocessing = 0;
		};
		7557B07426AF8EBF00A418A9 /* Frameworks */ = {
			isa = PBXFrameworksBuildPhase;
			buildActionMask = 2147483647;
			files = (
			);
			runOnlyForDeploymentPostprocessing = 0;
		};
/* End PBXFrameworksBuildPhase section */

/* Begin PBXGroup section */
		7557B05426AF8EBE00A418A9 = {
			isa = PBXGroup;
			children = (
				7557B05F26AF8EBE00A418A9 /* SimpleWidgetSuggestions */,
				7557B07026AF8EBF00A418A9 /* SimpleWidgetSuggestionsTests */,
				7557B07A26AF8EBF00A418A9 /* SimpleWidgetSuggestionsUITests */,
				7557B05E26AF8EBE00A418A9 /* Products */,
			);
			sourceTree = "<group>";
		};
		7557B05E26AF8EBE00A418A9 /* Products */ = {
			isa = PBXGroup;
			children = (
				7557B05D26AF8EBE00A418A9 /* SimpleWidgetSuggestions.app */,
				7557B06D26AF8EBF00A418A9 /* SimpleWidgetSuggestionsTests.xctest */,
				7557B07726AF8EBF00A418A9 /* SimpleWidgetSuggestionsUITests.xctest */,
			);
			name = Products;
			sourceTree = "<group>";
		};
		7557B05F26AF8EBE00A418A9 /* SimpleWidgetSuggestions */ = {
			isa = PBXGroup;
			children = (
				7557B06026AF8EBE00A418A9 /* SimpleWidgetSuggestionsApp.swift */,
				7557B06226AF8EBE00A418A9 /* ContentView.swift */,
				7557B06426AF8EBF00A418A9 /* Assets.xcassets */,
				7557B06626AF8EBF00A418A9 /* Preview Content */,
			);
			path = SimpleWidgetSuggestions;
			sourceTree = "<group>";
		};
		7557B06626AF8EBF00A418A9 /* Preview Content */ = {
			isa = PBXGroup;
			children = (
				7557B06726AF8EBF00A418A9 /* Preview Assets.xcassets */,
			);
			path = "Preview Content";
			sourceTree = "<group>";
		};
		7557B07026AF8EBF00A418A9 /* SimpleWidgetSuggestionsTests */ = {
			isa = PBXGroup;
			children = (
				7557B07126AF8EBF00A418A9 /* SimpleWidgetSuggestionsTests.swift */,
			);
			path = SimpleWidgetSuggestionsTests;
			sourceTree = "<group>";
		};
		7557B07A26AF8EBF00A418A9 /* SimpleWidgetSuggestionsUITests */ = {
			isa = PBXGroup;
			children = (
				7557B07B26AF8EBF00A418A9 /* SimpleWidgetSuggestionsUITests.swift */,
			);
			path = SimpleWidgetSuggestionsUITests;
			sourceTree = "<group>";
		};
/* End PBXGroup section */

/* Begin PBXNativeTarget section */
		7557B05C26AF8EBE00A418A9 /* SimpleWidgetSuggestions */ = {
			isa = PBXNativeTarget;
			buildConfigurationList = 7557B07F26AF8EBF00A418A9 /* Build configuration list for PBXNativeTarget "SimpleWidgetSuggestions" */;
			buildPhases = (
				7557B05926AF8EBE00A418A9 /* Sources */,
				7557B05A26AF8EBE00A418A9 /* Frameworks */,
				7557B05B26AF8EBE00A418A9 /* Resources */,
			);
			buildRules = (
			);
			dependencies = (
			);
			name = SimpleWidgetSuggestions;
			productName = SimpleWidgetSuggestions;
			productReference = 7557B05D26AF8EBE00A418A9 /* SimpleWidgetSuggestions.app */;
			productType = "com.apple.product-type.application";
		};
		7557B06C26AF8EBF00A418A9 /* SimpleWidgetSuggestionsTests */ = {
			isa = PBXNativeTarget;
			buildConfigurationList = 7557B08226AF8EBF00A418A9 /* Build configuration list for PBXNativeTarget "SimpleWidgetSuggestionsTests" */;
			buildPhases = (
				7557B06926AF8EBF00A418A9 /* Sources */,
				7557B06A26AF8EBF00A418A9 /* Frameworks */,
				7557B06B26AF8EBF00A418A9 /* Resources */,
			);
			buildRules = (
			);
			dependencies = (
				7557B06F26AF8EBF00A418A9 /* PBXTargetDependency */,
			);
			name = SimpleWidgetSuggestionsTests;
			productName = SimpleWidgetSuggestionsTests;
			productReference = 7557B06D26AF8EBF00A418A9 /* SimpleWidgetSuggestionsTests.xctest */;
			productType = "com.apple.product-type.bundle.unit-test";
		};
		7557B07626AF8EBF00A418A9 /* SimpleWidgetSuggestionsUITests */ = {
			isa = PBXNativeTarget;
			buildConfigurationList = 7557B08526AF8EBF00A418A9 /* Build configuration list for PBXNativeTarget "SimpleWidgetSuggestionsUITests" */;
			buildPhases = (
				7557B07326AF8EBF00A418A9 /* Sources */,
				7557B07426AF8EBF00A418A9 /* Frameworks */,
				7557B07526AF8EBF00A418A9 /* Resources */,
			);
			buildRules = (
			);
			dependencies = (
				7557B07926AF8EBF00A418A9 /* PBXTargetDependency */,
			);
			name = SimpleWidgetSuggestionsUITests;
			productName = SimpleWidgetSuggestionsUITests;
			productReference = 7557B07726AF8EBF00A418A9 /* SimpleWidgetSuggestionsUITests.xctest */;
			productType = "com.apple.product-type.bundle.ui-testing";
		};
/* End PBXNativeTarget section */

/* Begin PBXProject section */
		7557B05526AF8EBE00A418A9 /* Project object */ = {
			isa = PBXProject;
			attributes = {
				BuildIndependentTargetsInParallel = 1;
				LastSwiftUpdateCheck = 1300;
				LastUpgradeCheck = 1300;
				TargetAttributes = {
					7557B05C26AF8EBE00A418A9 = {
						CreatedOnToolsVersion = 13.0;
					};
					7557B06C26AF8EBF00A418A9 = {
						CreatedOnToolsVersion = 13.0;
						TestTargetID = 7557B05C26AF8EBE00A418A9;
					};
					7557B07626AF8EBF00A418A9 = {
						CreatedOnToolsVersion = 13.0;
						TestTargetID = 7557B05C26AF8EBE00A418A9;
					};
				};
			};
			buildConfigurationList = 7557B05826AF8EBE00A418A9 /* Build configuration list for PBXProject "SimpleWidgetSuggestions" */;
			compatibilityVersion = "Xcode 13.0";
			developmentRegion = en;
			hasScannedForEncodings = 0;
			knownRegions = (
				en,
				Base,
			);
			mainGroup = 7557B05426AF8EBE00A418A9;
			productRefGroup = 7557B05E26AF8EBE00A418A9 /* Products */;
			projectDirPath = "";
			projectRoot = "";
			targets = (
				7557B05C26AF8EBE00A418A9 /* SimpleWidgetSuggestions */,
				7557B06C26AF8EBF00A418A9 /* SimpleWidgetSuggestionsTests */,
				7557B07626AF8EBF00A418A9 /* SimpleWidgetSuggestionsUITests */,
			);
		};
/* End PBXProject section */

/* Begin PBXResourcesBuildPhase section */
		7557B05B26AF8EBE00A418A9 /* Resources */ = {
			isa = PBXResourcesBuildPhase;
			buildActionMask = 2147483647;
			files = (
				7557B06826AF8EBF00A418A9 /* Preview Assets.xcassets in Resources */,
				7557B06526AF8EBF00A418A9 /* Assets.xcassets in Resources */,
			);
			runOnlyForDeploymentPostprocessing = 0;
		};
		7557B06B26AF8EBF00A418A9 /* Resources */ = {
			isa = PBXResourcesBuildPhase;
			buildActionMask = 2147483647;
			files = (
			);
			runOnlyForDeploymentPostprocessing = 0;
		};
		7557B07526AF8EBF00A418A9 /* Resources */ = {
			isa = PBXResourcesBuildPhase;
			buildActionMask = 2147483647;
			files = (
			);
			runOnlyForDeploymentPostprocessing = 0;
		};
/* End PBXResourcesBuildPhase section */

/* Begin PBXSourcesBuildPhase section */
		7557B05926AF8EBE00A418A9 /* Sources */ = {
			isa = PBXSourcesBuildPhase;
			buildActionMask = 2147483647;
			files = (
				7557B06326AF8EBE00A418A9 /* ContentView.swift in Sources */,
				7557B06126AF8EBE00A418A9 /* SimpleWidgetSuggestionsApp.swift in Sources */,
			);
			runOnlyForDeploymentPostprocessing = 0;
		};
		7557B06926AF8EBF00A418A9 /* Sources */ = {
			isa = PBXSourcesBuildPhase;
			buildActionMask = 2147483647;
			files = (
				7557B07226AF8EBF00A418A9 /* SimpleWidgetSuggestionsTests.swift in Sources */,
			);
			runOnlyForDeploymentPostprocessing = 0;
		};
		7557B07326AF8EBF00A418A9 /* Sources */ = {
			isa = PBXSourcesBuildPhase;
			buildActionMask = 2147483647;
			files = (
				7557B07C26AF8EBF00A418A9 /* SimpleWidgetSuggestionsUITests.swift in Sources */,
			);
			runOnlyForDeploymentPostprocessing = 0;
		};
/* End PBXSourcesBuildPhase section */

/* Begin PBXTargetDependency section */
		7557B06F26AF8EBF00A418A9 /* PBXTargetDependency */ = {
			isa = PBXTargetDependency;
			target = 7557B05C26AF8EBE00A418A9 /* SimpleWidgetSuggestions */;
			targetProxy = 7557B06E26AF8EBF00A418A9 /* PBXContainerItemProxy */;
		};
		7557B07926AF8EBF00A418A9 /* PBXTargetDependency */ = {
			isa = PBXTargetDependency;
			target = 7557B05C26AF8EBE00A418A9 /* SimpleWidgetSuggestions */;
			targetProxy = 7557B07826AF8EBF00A418A9 /* PBXContainerItemProxy */;
		};
/* End PBXTargetDependency section */

/* Begin XCBuildConfiguration section */
		7557B07D26AF8EBF00A418A9 /* Debug */ = {
			isa = XCBuildConfiguration;
			buildSettings = {
				ALWAYS_SEARCH_USER_PATHS = NO;
				CLANG_ANALYZER_NONNULL = YES;
				CLANG_ANALYZER_NUMBER_OBJECT_CONVERSION = YES_AGGRESSIVE;
				CLANG_CXX_LANGUAGE_STANDARD = "gnu++17";
				CLANG_CXX_LIBRARY = "libc++";
				CLANG_ENABLE_MODULES = YES;
				CLANG_ENABLE_OBJC_ARC = YES;
				CLANG_ENABLE_OBJC_WEAK = YES;
				CLANG_WARN_BLOCK_CAPTURE_AUTORELEASING = YES;
				CLANG_WARN_BOOL_CONVERSION = YES;
				CLANG_WARN_COMMA = YES;
				CLANG_WARN_CONSTANT_CONVERSION = YES;
				CLANG_WARN_DEPRECATED_OBJC_IMPLEMENTATIONS = YES;
				CLANG_WARN_DIRECT_OBJC_ISA_USAGE = YES_ERROR;
				CLANG_WARN_DOCUMENTATION_COMMENTS = YES;
				CLANG_WARN_EMPTY_BODY = YES;
				CLANG_WARN_ENUM_CONVERSION = YES;
				CLANG_WARN_INFINITE_RECURSION = YES;
				CLANG_WARN_INT_CONVERSION = YES;
				CLANG_WARN_NON_LITERAL_NULL_CONVERSION = YES;
				CLANG_WARN_OBJC_IMPLICIT_RETAIN_SELF = YES;
				CLANG_WARN_OBJC_LITERAL_CONVERSION = YES;
				CLANG_WARN_OBJC_ROOT_CLASS = YES_ERROR;
				CLANG_WARN_QUOTED_INCLUDE_IN_FRAMEWORK_HEADER = YES;
				CLANG_WARN_RANGE_LOOP_ANALYSIS = YES;
				CLANG_WARN_STRICT_PROTOTYPES = YES;
				CLANG_WARN_SUSPICIOUS_MOVE = YES;
				CLANG_WARN_UNGUARDED_AVAILABILITY = YES_AGGRESSIVE;
				CLANG_WARN_UNREACHABLE_CODE = YES;
				CLANG_WARN__DUPLICATE_METHOD_MATCH = YES;
				COPY_PHASE_STRIP = NO;
				DEBUG_INFORMATION_FORMAT = dwarf;
				ENABLE_STRICT_OBJC_MSGSEND = YES;
				ENABLE_TESTABILITY = YES;
				GCC_C_LANGUAGE_STANDARD = gnu11;
				GCC_DYNAMIC_NO_PIC = NO;
				GCC_NO_COMMON_BLOCKS = YES;
				GCC_OPTIMIZATION_LEVEL = 0;
				GCC_PREPROCESSOR_DEFINITIONS = (
					"DEBUG=1",
					"$(inherited)",
				);
				GCC_WARN_64_TO_32_BIT_CONVERSION = YES;
				GCC_WARN_ABOUT_RETURN_TYPE = YES_ERROR;
				GCC_WARN_UNDECLARED_SELECTOR = YES;
				GCC_WARN_UNINITIALIZED_AUTOS = YES_AGGRESSIVE;
				GCC_WARN_UNUSED_FUNCTION = YES;
				GCC_WARN_UNUSED_VARIABLE = YES;
				IPHONEOS_DEPLOYMENT_TARGET = 15.0;
				MTL_ENABLE_DEBUG_INFO = INCLUDE_SOURCE;
				MTL_FAST_MATH = YES;
				ONLY_ACTIVE_ARCH = YES;
				SDKROOT = iphoneos;
				SWIFT_ACTIVE_COMPILATION_CONDITIONS = DEBUG;
				SWIFT_OPTIMIZATION_LEVEL = "-Onone";
			};
			name = Debug;
		};
		7557B07E26AF8EBF00A418A9 /* Release */ = {
			isa = XCBuildConfiguration;
			buildSettings = {
				ALWAYS_SEARCH_USER_PATHS = NO;
				CLANG_ANALYZER_NONNULL = YES;
				CLANG_ANALYZER_NUMBER_OBJECT_CONVERSION = YES_AGGRESSIVE;
				CLANG_CXX_LANGUAGE_STANDARD = "gnu++17";
				CLANG_CXX_LIBRARY = "libc++";
				CLANG_ENABLE_MODULES = YES;
				CLANG_ENABLE_OBJC_ARC = YES;
				CLANG_ENABLE_OBJC_WEAK = YES;
				CLANG_WARN_BLOCK_CAPTURE_AUTORELEASING = YES;
				CLANG_WARN_BOOL_CONVERSION = YES;
				CLANG_WARN_COMMA = YES;
				CLANG_WARN_CONSTANT_CONVERSION = YES;
				CLANG_WARN_DEPRECATED_OBJC_IMPLEMENTATIONS = YES;
				CLANG_WARN_DIRECT_OBJC_ISA_USAGE = YES_ERROR;
				CLANG_WARN_DOCUMENTATION_COMMENTS = YES;
				CLANG_WARN_EMPTY_BODY = YES;
				CLANG_WARN_ENUM_CONVERSION = YES;
				CLANG_WARN_INFINITE_RECURSION = YES;
				CLANG_WARN_INT_CONVERSION = YES;
				CLANG_WARN_NON_LITERAL_NULL_CONVERSION = YES;
				CLANG_WARN_OBJC_IMPLICIT_RETAIN_SELF = YES;
				CLANG_WARN_OBJC_LITERAL_CONVERSION = YES;
				CLANG_WARN_OBJC_ROOT_CLASS = YES_ERROR;
				CLANG_WARN_QUOTED_INCLUDE_IN_FRAMEWORK_HEADER = YES;
				CLANG_WARN_RANGE_LOOP_ANALYSIS = YES;
				CLANG_WARN_STRICT_PROTOTYPES = YES;
				CLANG_WARN_SUSPICIOUS_MOVE = YES;
				CLANG_WARN_UNGUARDED_AVAILABILITY = YES_AGGRESSIVE;
				CLANG_WARN_UNREACHABLE_CODE = YES;
				CLANG_WARN__DUPLICATE_METHOD_MATCH = YES;
				COPY_PHASE_STRIP = NO;
				DEBUG_INFORMATION_FORMAT = "dwarf-with-dsym";
				ENABLE_NS_ASSERTIONS = NO;
				ENABLE_STRICT_OBJC_MSGSEND = YES;
				GCC_C_LANGUAGE_STANDARD = gnu11;
				GCC_NO_COMMON_BLOCKS = YES;
				GCC_WARN_64_TO_32_BIT_CONVERSION = YES;
				GCC_WARN_ABOUT_RETURN_TYPE = YES_ERROR;
				GCC_WARN_UNDECLARED_SELECTOR = YES;
				GCC_WARN_UNINITIALIZED_AUTOS = YES_AGGRESSIVE;
				GCC_WARN_UNUSED_FUNCTION = YES;
				GCC_WARN_UNUSED_VARIABLE = YES;
				IPHONEOS_DEPLOYMENT_TARGET = 15.0;
				MTL_ENABLE_DEBUG_INFO = NO;
				MTL_FAST_MATH = YES;
				SDKROOT = iphoneos;
				SWIFT_COMPILATION_MODE = wholemodule;
				SWIFT_OPTIMIZATION_LEVEL = "-O";
				VALIDATE_PRODUCT = YES;
			};
			name = Release;
		};
		7557B08026AF8EBF00A418A9 /* Debug */ = {
			isa = XCBuildConfiguration;
			buildSettings = {
				ASSETCATALOG_COMPILER_APPICON_NAME = AppIcon;
				ASSETCATALOG_COMPILER_GLOBAL_ACCENT_COLOR_NAME = AccentColor;
				CODE_SIGN_STYLE = Automatic;
				CURRENT_PROJECT_VERSION = 1;
				DEVELOPMENT_ASSET_PATHS = "\"SimpleWidgetSuggestions/Preview Content\"";
				ENABLE_PREVIEWS = YES;
				GENERATE_INFOPLIST_FILE = YES;
				INFOPLIST_KEY_UIApplicationSceneManifest_Generation = YES;
				INFOPLIST_KEY_UIApplicationSupportsIndirectInputEvents = YES;
				INFOPLIST_KEY_UILaunchScreen_Generation = YES;
				INFOPLIST_KEY_UISupportedInterfaceOrientations_iPad = "UIInterfaceOrientationPortrait UIInterfaceOrientationPortraitUpsideDown UIInterfaceOrientationLandscapeLeft UIInterfaceOrientationLandscapeRight";
				INFOPLIST_KEY_UISupportedInterfaceOrientations_iPhone = "UIInterfaceOrientationPortrait UIInterfaceOrientationLandscapeLeft UIInterfaceOrientationLandscapeRight";
				IPHONEOS_DEPLOYMENT_TARGET = 14.0;
				LD_RUNPATH_SEARCH_PATHS = (
					"$(inherited)",
					"@executable_path/Frameworks",
				);
				MARKETING_VERSION = 1.0;
				PRODUCT_BUNDLE_IDENTIFIER = com.example.SimpleWidgetSuggestions;
				PRODUCT_NAME = "$(TARGET_NAME)";
				SWIFT_EMIT_LOC_STRINGS = YES;
				SWIFT_VERSION = 5.0;
				TARGETED_DEVICE_FAMILY = "1,2";
			};
			name = Debug;
		};
		7557B08126AF8EBF00A418A9 /* Release */ = {
			isa = XCBuildConfiguration;
			buildSettings = {
				ASSETCATALOG_COMPILER_APPICON_NAME = AppIcon;
				ASSETCATALOG_COMPILER_GLOBAL_ACCENT_COLOR_NAME = AccentColor;
				CODE_SIGN_STYLE = Automatic;
				CURRENT_PROJECT_VERSION = 1;
				DEVELOPMENT_ASSET_PATHS = "\"SimpleWidgetSuggestions/Preview Content\"";
				ENABLE_PREVIEWS = YES;
				GENERATE_INFOPLIST_FILE = YES;
				INFOPLIST_KEY_UIApplicationSceneManifest_Generation = YES;
				INFOPLIST_KEY_UIApplicationSupportsIndirectInputEvents = YES;
				INFOPLIST_KEY_UILaunchScreen_Generation = YES;
				INFOPLIST_KEY_UISupportedInterfaceOrientations_iPad = "UIInterfaceOrientationPortrait UIInterfaceOrientationPortraitUpsideDown UIInterfaceOrientationLandscapeLeft UIInterfaceOrientationLandscapeRight";
				INFOPLIST_KEY_UISupportedInterfaceOrientations_iPhone = "UIInterfaceOrientationPortrait UIInterfaceOrientationLandscapeLeft UIInterfaceOrientationLandscapeRight";
				IPHONEOS_DEPLOYMENT_TARGET = 14.0;
				LD_RUNPATH_SEARCH_PATHS = (
					"$(inherited)",
					"@executable_path/Frameworks",
				);
				MARKETING_VERSION = 1.0;
				PRODUCT_BUNDLE_IDENTIFIER = jp.co.JchanKchan.SimpleWidgetSuggestions;
				PRODUCT_NAME = "$(TARGET_NAME)";
				SWIFT_EMIT_LOC_STRINGS = YES;
				SWIFT_VERSION = 5.0;
				TARGETED_DEVICE_FAMILY = "1,2";
			};
			name = Release;
		};
		7557B08326AF8EBF00A418A9 /* Debug */ = {
			isa = XCBuildConfiguration;
			buildSettings = {
				ALWAYS_EMBED_SWIFT_STANDARD_LIBRARIES = YES;
				BUNDLE_LOADER = "$(TEST_HOST)";
				CODE_SIGN_STYLE = Automatic;
				CURRENT_PROJECT_VERSION = 1;
				GENERATE_INFOPLIST_FILE = YES;
				IPHONEOS_DEPLOYMENT_TARGET = 14.0;
				LD_RUNPATH_SEARCH_PATHS = (
					"$(inherited)",
					"@executable_path/Frameworks",
					"@loader_path/Frameworks",
				);
				MARKETING_VERSION = 1.0;
				PRODUCT_BUNDLE_IDENTIFIER = com.example.SimpleWidgetSuggestionsTests;
				PRODUCT_NAME = "$(TARGET_NAME)";
				SWIFT_EMIT_LOC_STRINGS = NO;
				SWIFT_VERSION = 5.0;
				TARGETED_DEVICE_FAMILY = "1,2";
				TEST_HOST = "$(BUILT_PRODUCTS_DIR)/SimpleWidgetSuggestions.app/SimpleWidgetSuggestions";
			};
			name = Debug;
		};
		7557B08426AF8EBF00A418A9 /* Release */ = {
			isa = XCBuildConfiguration;
			buildSettings = {
				ALWAYS_EMBED_SWIFT_STANDARD_LIBRARIES = YES;
				BUNDLE_LOADER = "$(TEST_HOST)";
				CODE_SIGN_STYLE = Automatic;
				CURRENT_PROJECT_VERSION = 1;
				GENERATE_INFOPLIST_FILE = YES;
				IPHONEOS_DEPLOYMENT_TARGET = 14.0;
				LD_RUNPATH_SEARCH_PATHS = (
					"$(inherited)",
					"@executable_path/Frameworks",
					"@loader_path/Frameworks",
				);
				MARKETING_VERSION = 1.0;
				PRODUCT_BUNDLE_IDENTIFIER = com.example.SimpleWidgetSuggestionsTests;
				PRODUCT_NAME = "$(TARGET_NAME)";
				SWIFT_EMIT_LOC_STRINGS = NO;
				SWIFT_VERSION = 5.0;
				TARGETED_DEVICE_FAMILY = "1,2";
				TEST_HOST = "$(BUILT_PRODUCTS_DIR)/SimpleWidgetSuggestions.app/SimpleWidgetSuggestions";
			};
			name = Release;
		};
		7557B08626AF8EBF00A418A9 /* Debug */ = {
			isa = XCBuildConfiguration;
			buildSettings = {
				ALWAYS_EMBED_SWIFT_STANDARD_LIBRARIES = YES;
				CODE_SIGN_STYLE = Automatic;
				CURRENT_PROJECT_VERSION = 1;
				GENERATE_INFOPLIST_FILE = YES;
				LD_RUNPATH_SEARCH_PATHS = (
					"$(inherited)",
					"@executable_path/Frameworks",
					"@loader_path/Frameworks",
				);
				MARKETING_VERSION = 1.0;
				PRODUCT_BUNDLE_IDENTIFIER = com.example.SimpleWidgetSuggestionsUITests;
				PRODUCT_NAME = "$(TARGET_NAME)";
				SWIFT_EMIT_LOC_STRINGS = NO;
				SWIFT_VERSION = 5.0;
				TARGETED_DEVICE_FAMILY = "1,2";
				TEST_TARGET_NAME = SimpleWidgetSuggestions;
			};
			name = Debug;
		};
		7557B08726AF8EBF00A418A9 /* Release */ = {
			isa = XCBuildConfiguration;
			buildSettings = {
				ALWAYS_EMBED_SWIFT_STANDARD_LIBRARIES = YES;
				CODE_SIGN_STYLE = Automatic;
				CURRENT_PROJECT_VERSION = 1;
				GENERATE_INFOPLIST_FILE = YES;
				LD_RUNPATH_SEARCH_PATHS = (
					"$(inherited)",
					"@executable_path/Frameworks",
					"@loader_path/Frameworks",
				);
				MARKETING_VERSION = 1.0;
				PRODUCT_BUNDLE_IDENTIFIER = com.example.SimpleWidgetSuggestionsUITests;
				PRODUCT_NAME = "$(TARGET_NAME)";
				SWIFT_EMIT_LOC_STRINGS = NO;
				SWIFT_VERSION = 5.0;
				TARGETED_DEVICE_FAMILY = "1,2";
				TEST_TARGET_NAME = SimpleWidgetSuggestions;
			};
			name = Release;
		};
/* End XCBuildConfiguration section */

/* Begin XCConfigurationList section */
		7557B05826AF8EBE00A418A9 /* Build configuration list for PBXProject "SimpleWidgetSuggestions" */ = {
			isa = XCConfigurationList;
			buildConfigurations = (
				7557B07D26AF8EBF00A418A9 /* Debug */,
				7557B07E26AF8EBF00A418A9 /* Release */,
			);
			defaultConfigurationIsVisible = 0;
			defaultConfigurationName = Release;
		};
		7557B07F26AF8EBF00A418A9 /* Build configuration list for PBXNativeTarget "SimpleWidgetSuggestions" */ = {
			isa = XCConfigurationList;
			buildConfigurations = (
				7557B08026AF8EBF00A418A9 /* Debug */,
				7557B08126AF8EBF00A418A9 /* Release */,
			);
			defaultConfigurationIsVisible = 0;
			defaultConfigurationName = Release;
		};
		7557B08226AF8EBF00A418A9 /* Build configuration list for PBXNativeTarget "SimpleWidgetSuggestionsTests" */ = {
			isa = XCConfigurationList;
			buildConfigurations = (
				7557B08326AF8EBF00A418A9 /* Debug */,
				7557B08426AF8EBF00A418A9 /* Release */,
			);
			defaultConfigurationIsVisible = 0;
			defaultConfigurationName = Release;
		};
		7557B08526AF8EBF00A418A9 /* Build configuration list for PBXNativeTarget "SimpleWidgetSuggestionsUITests" */ = {
			isa = XCConfigurationList;
			buildConfigurations = (
				7557B08626AF8EBF00A418A9 /* Debug */,
				7557B08726AF8EBF00A418A9 /* Release */,
			);
			defaultConfigurationIsVisible = 0;
			defaultConfigurationName = Release;
		};
/* End XCConfigurationList section */
	};
	rootObject = 7557B05526AF8EBE00A418A9 /* Project object */;
}
